{
    "name": "prisma-mcp-dxt",
    "version": "0.1.0",
    "lockfileVersion": 3,
    "requires": true,
    "packages": {
        "": {
            "name": "prisma-mcp-dxt",
            "version": "0.1.0",
            "license": "Apache-2.0",
            "dependencies": {
                "prisma": "6.12.0-integration-fix-mcp-json-response.2"
            }
        },
        "node_modules/@prisma/config": {
            "version": "6.12.0-integration-fix-mcp-json-response.2",
            "resolved": "https://registry.npmjs.org/@prisma/config/-/config-6.12.0-integration-fix-mcp-json-response.2.tgz",
            "integrity": "sha512-xPQy0KyxZ1/h2Yj+edYKxrcbmTVwvCO503kFOfWU0LoadOmIrpLIBcnRv6h4hpKN33Z5nKtRVLRlbFlFBNddSQ==",
            "license": "Apache-2.0",
            "dependencies": {
                "jiti": "2.4.2"
            }
        },
        "node_modules/@prisma/debug": {
            "version": "6.12.0-integration-fix-mcp-json-response.2",
            "resolved": "https://registry.npmjs.org/@prisma/debug/-/debug-6.12.0-integration-fix-mcp-json-response.2.tgz",
            "integrity": "sha512-SqhVcRzuaIlKB5p83ohVNGf0PgI2lInSdvKXVFn4euya/oOg4eNYtGDjYOaEdlg1Ng5UD1RsMdhfJ8j6gLYsKQ==",
            "license": "Apache-2.0"
        },
        "node_modules/@prisma/engines": {
            "version": "6.12.0-integration-fix-mcp-json-response.2",
            "resolved": "https://registry.npmjs.org/@prisma/engines/-/engines-6.12.0-integration-fix-mcp-json-response.2.tgz",
            "integrity": "sha512-zio0gu/X/DOFjcEjdo476/xI4d2d6CnPdaY+fNb7jRmRdZjrZ3wKCnzADzJSJzC+xOaZgX5pnE7hc2Tx5yX/ZA==",
            "hasInstallScript": true,
            "license": "Apache-2.0",
            "dependencies": {
                "@prisma/debug": "6.12.0-integration-fix-mcp-json-response.2",
                "@prisma/engines-version": "6.12.0-2.c717abe28d5e8e01b58d43e0c0134630791630c4",
                "@prisma/fetch-engine": "6.12.0-integration-fix-mcp-json-response.2",
                "@prisma/get-platform": "6.12.0-integration-fix-mcp-json-response.2"
            }
        },
        "node_modules/@prisma/engines-version": {
            "version": "6.12.0-2.c717abe28d5e8e01b58d43e0c0134630791630c4",
            "resolved": "https://registry.npmjs.org/@prisma/engines-version/-/engines-version-6.12.0-2.c717abe28d5e8e01b58d43e0c0134630791630c4.tgz",
            "integrity": "sha512-Fx9iFuutd6lRGGinxpmLKIudDnyKnWtmgTg43pTuX2nbE5CtvBkwI81W4Paq893Cl5hhOxMOF5xOgjkF4MPCIA==",
            "license": "Apache-2.0"
        },
        "node_modules/@prisma/fetch-engine": {
            "version": "6.12.0-integration-fix-mcp-json-response.2",
            "resolved": "https://registry.npmjs.org/@prisma/fetch-engine/-/fetch-engine-6.12.0-integration-fix-mcp-json-response.2.tgz",
            "integrity": "sha512-mt9eOIOTqtYl1iTAJnOp0Qy2rZPMI8Z/4uEDvFfzaPnec/+ZLJYdbyOlSBm9OyIAhMO1AtyrAwWLCkgDzX2AyA==",
            "license": "Apache-2.0",
            "dependencies": {
                "@prisma/debug": "6.12.0-integration-fix-mcp-json-response.2",
                "@prisma/engines-version": "6.12.0-2.c717abe28d5e8e01b58d43e0c0134630791630c4",
                "@prisma/get-platform": "6.12.0-integration-fix-mcp-json-response.2"
            }
        },
        "node_modules/@prisma/get-platform": {
            "version": "6.12.0-integration-fix-mcp-json-response.2",
            "resolved": "https://registry.npmjs.org/@prisma/get-platform/-/get-platform-6.12.0-integration-fix-mcp-json-response.2.tgz",
            "integrity": "sha512-BqvNGcOHIp72RrsXB4IR9nEfceAEJE9hk7CEYkFlSBRM4STfXW9O4ChRnHmieh6DSwYI4Gx2YA+FqOBy3LPFyw==",
            "license": "Apache-2.0",
            "dependencies": {
                "@prisma/debug": "6.12.0-integration-fix-mcp-json-response.2"
            }
        },
        "node_modules/jiti": {
            "version": "2.4.2",
            "resolved": "https://registry.npmjs.org/jiti/-/jiti-2.4.2.tgz",
            "integrity": "sha512-rg9zJN+G4n2nfJl5MW3BMygZX56zKPNVEYYqq7adpmMh4Jn2QNEwhvQlFy6jPVdcod7txZtKHWnyZiA3a0zP7A==",
            "license": "MIT",
            "bin": {
                "jiti": "lib/jiti-cli.mjs"
            }
        },
        "node_modules/prisma": {
            "version": "6.12.0-integration-fix-mcp-json-response.2",
            "resolved": "https://registry.npmjs.org/prisma/-/prisma-6.12.0-integration-fix-mcp-json-response.2.tgz",
            "integrity": "sha512-yLlnLHjnW02QBMO8O2i3HwWtz112Neo6Aj62mERtuxYIpYth7M9P+LN0I2GE4Qk+Js3s2Ua+EmGXHkR8kj2bZg==",
            "hasInstallScript": true,
            "license": "Apache-2.0",
            "dependencies": {
                "@prisma/config": "6.12.0-integration-fix-mcp-json-response.2",
                "@prisma/engines": "6.12.0-integration-fix-mcp-json-response.2"
            },
            "bin": {
                "prisma": "build/index.js"
            },
            "engines": {
                "node": ">=18.18"
            },
            "peerDependencies": {
                "typescript": ">=5.1.0"
            },
            "peerDependenciesMeta": {
                "typescript": {
                    "optional": true
                }
            }
        }
    }
}
